
Microsoft Visual Studio Solution File, Format Version 12.00
# Visual Studio Version 17
VisualStudioVersion = 17.6.33723.286
MinimumVisualStudioVersion = 10.0.40219.1
Project("{FAE04EC0-301F-11D3-BF4B-00C04F79EFBC}") = "InterfataUtilizator", "Proiect DataBase\InterfataUtilizator.csproj", "{8B9DDE5E-A198-49A0-A367-FE4C7B4CD559}"
EndProject
Project("{FAE04EC0-301F-11D3-BF4B-00C04F79EFBC}") = "LibrarieModele", "Librarie Modele\LibrarieModele.csproj", "{70286795-981A-4332-AF68-338FCF6FB9D7}"
EndProject
Project("{FAE04EC0-301F-11D3-BF4B-00C04F79EFBC}") = "NivelAccesDate", "NivelAccesDate\NivelAccesDate.csproj", "{DA66417A-4EF0-487D-A454-3C3A8C1A00A7}"
EndProject
Global
	GlobalSection(SolutionConfigurationPlatforms) = preSolution
		Debug|Any CPU = Debug|Any CPU
		Release|Any CPU = Release|Any CPU
	EndGlobalSection
	GlobalSection(ProjectConfigurationPlatforms) = postSolution
		{8B9DDE5E-A198-49A0-A367-FE4C7B4CD559}.Debug|Any CPU.ActiveCfg = Debug|Any CPU
		{8B9DDE5E-A198-49A0-A367-FE4C7B4CD559}.Debug|Any CPU.Build.0 = Debug|Any CPU
		{8B9DDE5E-A198-49A0-A367-FE4C7B4CD559}.Release|Any CPU.ActiveCfg = Release|Any CPU
		{8B9DDE5E-A198-49A0-A367-FE4C7B4CD559}.Release|Any CPU.Build.0 = Release|Any CPU
		{70286795-981A-4332-AF68-338FCF6FB9D7}.Debug|Any CPU.ActiveCfg = Debug|Any CPU
		{70286795-981A-4332-AF68-338FCF6FB9D7}.Debug|Any CPU.Build.0 = Debug|Any CPU
		{70286795-981A-4332-AF68-338FCF6FB9D7}.Release|Any CPU.ActiveCfg = Release|Any CPU
		{70286795-981A-4332-AF68-338FCF6FB9D7}.Release|Any CPU.Build.0 = Release|Any CPU
		{DA66417A-4EF0-487D-A454-3C3A8C1A00A7}.Debug|Any CPU.ActiveCfg = Debug|Any CPU
		{DA66417A-4EF0-487D-A454-3C3A8C1A00A7}.Debug|Any CPU.Build.0 = Debug|Any CPU
		{DA66417A-4EF0-487D-A454-3C3A8C1A00A7}.Release|Any CPU.ActiveCfg = Release|Any CPU
		{DA66417A-4EF0-487D-A454-3C3A8C1A00A7}.Release|Any CPU.Build.0 = Release|Any CPU
	EndGlobalSection
	GlobalSection(SolutionProperties) = preSolution
		HideSolutionNode = FALSE
	EndGlobalSection
	GlobalSection(ExtensibilityGlobals) = postSolution
		SolutionGuid = {5D65A54A-6534-45D9-A063-BEE82D80713B}
	EndGlobalSection
EndGlobal
